
Microsoft Visual Studio Solution File, Format Version 12.00
# Visual Studio Version 17
VisualStudioVersion = 17.0.31903.59
MinimumVisualStudioVersion = 10.0.40219.1
Project("{FAE04EC0-301F-11D3-BF4B-00C04F79EFBC}") = "Domain", "Domain\Domain.csproj", "{074F1852-FECD-4453-AB5E-03CA28F1B9E4}"
EndProject
Project("{FAE04EC0-301F-11D3-BF4B-00C04F79EFBC}") = "Persistence", "Persistence\Persistence.csproj", "{3ACF89B6-368D-426B-AFFF-2B7F1AC32E62}"
EndProject
Project("{FAE04EC0-301F-11D3-BF4B-00C04F79EFBC}") = "API", "API\API.csproj", "{ADFBD08A-4D61-4836-BD37-A173749A3DC2}"
EndProject
Global
	GlobalSection(SolutionConfigurationPlatforms) = preSolution
		Debug|Any CPU = Debug|Any CPU
		Debug|x64 = Debug|x64
		Debug|x86 = Debug|x86
		Release|Any CPU = Release|Any CPU
		Release|x64 = Release|x64
		Release|x86 = Release|x86
	EndGlobalSection
	GlobalSection(ProjectConfigurationPlatforms) = postSolution
		{074F1852-FECD-4453-AB5E-03CA28F1B9E4}.Debug|Any CPU.ActiveCfg = Debug|Any CPU
		{074F1852-FECD-4453-AB5E-03CA28F1B9E4}.Debug|Any CPU.Build.0 = Debug|Any CPU
		{074F1852-FECD-4453-AB5E-03CA28F1B9E4}.Debug|x64.ActiveCfg = Debug|Any CPU
		{074F1852-FECD-4453-AB5E-03CA28F1B9E4}.Debug|x64.Build.0 = Debug|Any CPU
		{074F1852-FECD-4453-AB5E-03CA28F1B9E4}.Debug|x86.ActiveCfg = Debug|Any CPU
		{074F1852-FECD-4453-AB5E-03CA28F1B9E4}.Debug|x86.Build.0 = Debug|Any CPU
		{074F1852-FECD-4453-AB5E-03CA28F1B9E4}.Release|Any CPU.ActiveCfg = Release|Any CPU
		{074F1852-FECD-4453-AB5E-03CA28F1B9E4}.Release|Any CPU.Build.0 = Release|Any CPU
		{074F1852-FECD-4453-AB5E-03CA28F1B9E4}.Release|x64.ActiveCfg = Release|Any CPU
		{074F1852-FECD-4453-AB5E-03CA28F1B9E4}.Release|x64.Build.0 = Release|Any CPU
		{074F1852-FECD-4453-AB5E-03CA28F1B9E4}.Release|x86.ActiveCfg = Release|Any CPU
		{074F1852-FECD-4453-AB5E-03CA28F1B9E4}.Release|x86.Build.0 = Release|Any CPU
		{3ACF89B6-368D-426B-AFFF-2B7F1AC32E62}.Debug|Any CPU.ActiveCfg = Debug|Any CPU
		{3ACF89B6-368D-426B-AFFF-2B7F1AC32E62}.Debug|Any CPU.Build.0 = Debug|Any CPU
		{3ACF89B6-368D-426B-AFFF-2B7F1AC32E62}.Debug|x64.ActiveCfg = Debug|Any CPU
		{3ACF89B6-368D-426B-AFFF-2B7F1AC32E62}.Debug|x64.Build.0 = Debug|Any CPU
		{3ACF89B6-368D-426B-AFFF-2B7F1AC32E62}.Debug|x86.ActiveCfg = Debug|Any CPU
		{3ACF89B6-368D-426B-AFFF-2B7F1AC32E62}.Debug|x86.Build.0 = Debug|Any CPU
		{3ACF89B6-368D-426B-AFFF-2B7F1AC32E62}.Release|Any CPU.ActiveCfg = Release|Any CPU
		{3ACF89B6-368D-426B-AFFF-2B7F1AC32E62}.Release|Any CPU.Build.0 = Release|Any CPU
		{3ACF89B6-368D-426B-AFFF-2B7F1AC32E62}.Release|x64.ActiveCfg = Release|Any CPU
		{3ACF89B6-368D-426B-AFFF-2B7F1AC32E62}.Release|x64.Build.0 = Release|Any CPU
		{3ACF89B6-368D-426B-AFFF-2B7F1AC32E62}.Release|x86.ActiveCfg = Release|Any CPU
		{3ACF89B6-368D-426B-AFFF-2B7F1AC32E62}.Release|x86.Build.0 = Release|Any CPU
		{ADFBD08A-4D61-4836-BD37-A173749A3DC2}.Debug|Any CPU.ActiveCfg = Debug|Any CPU
		{ADFBD08A-4D61-4836-BD37-A173749A3DC2}.Debug|Any CPU.Build.0 = Debug|Any CPU
		{ADFBD08A-4D61-4836-BD37-A173749A3DC2}.Debug|x64.ActiveCfg = Debug|Any CPU
		{ADFBD08A-4D61-4836-BD37-A173749A3DC2}.Debug|x64.Build.0 = Debug|Any CPU
		{ADFBD08A-4D61-4836-BD37-A173749A3DC2}.Debug|x86.ActiveCfg = Debug|Any CPU
		{ADFBD08A-4D61-4836-BD37-A173749A3DC2}.Debug|x86.Build.0 = Debug|Any CPU
		{ADFBD08A-4D61-4836-BD37-A173749A3DC2}.Release|Any CPU.ActiveCfg = Release|Any CPU
		{ADFBD08A-4D61-4836-BD37-A173749A3DC2}.Release|Any CPU.Build.0 = Release|Any CPU
		{ADFBD08A-4D61-4836-BD37-A173749A3DC2}.Release|x64.ActiveCfg = Release|Any CPU
		{ADFBD08A-4D61-4836-BD37-A173749A3DC2}.Release|x64.Build.0 = Release|Any CPU
		{ADFBD08A-4D61-4836-BD37-A173749A3DC2}.Release|x86.ActiveCfg = Release|Any CPU
		{ADFBD08A-4D61-4836-BD37-A173749A3DC2}.Release|x86.Build.0 = Release|Any CPU
	EndGlobalSection
	GlobalSection(SolutionProperties) = preSolution
		HideSolutionNode = FALSE
	EndGlobalSection
EndGlobal
